// !$*UTF8*$!
{
	archiveVersion = 1;
	classes = {
	};
	objectVersion = 51;
	objects = {

/* Begin PBXBuildFile section */
		1508AA0D238964BC0097DADD /* AppDelegate.swift in Sources */ = {isa = PBXBuildFile; fileRef = 1508AA0C238964BC0097DADD /* AppDelegate.swift */; };
		1508AA0F238964BC0097DADD /* SceneDelegate.swift in Sources */ = {isa = PBXBuildFile; fileRef = 1508AA0E238964BC0097DADD /* SceneDelegate.swift */; };
		1508AA11238964BC0097DADD /* ViewController.swift in Sources */ = {isa = PBXBuildFile; fileRef = 1508AA10238964BC0097DADD /* ViewController.swift */; };
		1508AA14238964BC0097DADD /* Main.storyboard in Resources */ = {isa = PBXBuildFile; fileRef = 1508AA12238964BC0097DADD /* Main.storyboard */; };
		1508AA17238964BC0097DADD /* NIBM_ARTICLE.xcdatamodeld in Sources */ = {isa = PBXBuildFile; fileRef = 1508AA15238964BC0097DADD /* NIBM_ARTICLE.xcdatamodeld */; };
		1508AA19238964BD0097DADD /* Assets.xcassets in Resources */ = {isa = PBXBuildFile; fileRef = 1508AA18238964BD0097DADD /* Assets.xcassets */; };
		1508AA1C238964BD0097DADD /* LaunchScreen.storyboard in Resources */ = {isa = PBXBuildFile; fileRef = 1508AA1A238964BD0097DADD /* LaunchScreen.storyboard */; };
		1508AA27238964BD0097DADD /* NIBM_ARTICLETests.swift in Sources */ = {isa = PBXBuildFile; fileRef = 1508AA26238964BD0097DADD /* NIBM_ARTICLETests.swift */; };
		1508AA32238964BD0097DADD /* NIBM_ARTICLEUITests.swift in Sources */ = {isa = PBXBuildFile; fileRef = 1508AA31238964BD0097DADD /* NIBM_ARTICLEUITests.swift */; };
		1508AA40238964D20097DADD /* GoogleService-Info.plist in Resources */ = {isa = PBXBuildFile; fileRef = 1508AA3F238964D20097DADD /* GoogleService-Info.plist */; };
		1508AA43238966CA0097DADD /* UserLogin.storyboard in Resources */ = {isa = PBXBuildFile; fileRef = 1508AA42238966CA0097DADD /* UserLogin.storyboard */; };
		1508AA4523896E070097DADD /* UserSignInViewController.swift in Sources */ = {isa = PBXBuildFile; fileRef = 1508AA4423896E070097DADD /* UserSignInViewController.swift */; };
		1508AA4723896E1D0097DADD /* UserSignUpViewController.swift in Sources */ = {isa = PBXBuildFile; fileRef = 1508AA4623896E1D0097DADD /* UserSignUpViewController.swift */; };
		5B4E68711BC3703B1EEC642E /* Pods_NIBM_ARTICLE.framework in Frameworks */ = {isa = PBXBuildFile; fileRef = FD3E2257BBD4E0A866FB11D7 /* Pods_NIBM_ARTICLE.framework */; };
		A0B5331D3279658DF34FFC53 /* Pods_NIBM_ARTICLETests.framework in Frameworks */ = {isa = PBXBuildFile; fileRef = 76C94F5DBFF59247C311DD4D /* Pods_NIBM_ARTICLETests.framework */; };
		CEB56033DC249C329600C947 /* Pods_NIBM_ARTICLE_NIBM_ARTICLEUITests.framework in Frameworks */ = {isa = PBXBuildFile; fileRef = 5DB273BE48BEA97606B3BE1A /* Pods_NIBM_ARTICLE_NIBM_ARTICLEUITests.framework */; };
/* End PBXBuildFile section */

/* Begin PBXContainerItemProxy section */
		1508AA23238964BD0097DADD /* PBXContainerItemProxy */ = {
			isa = PBXContainerItemProxy;
			containerPortal = 1508AA01238964BC0097DADD /* Project object */;
			proxyType = 1;
			remoteGlobalIDString = 1508AA08238964BC0097DADD;
			remoteInfo = NIBM_ARTICLE;
		};
		1508AA2E238964BD0097DADD /* PBXContainerItemProxy */ = {
			isa = PBXContainerItemProxy;
			containerPortal = 1508AA01238964BC0097DADD /* Project object */;
			proxyType = 1;
			remoteGlobalIDString = 1508AA08238964BC0097DADD;
			remoteInfo = NIBM_ARTICLE;
		};
/* End PBXContainerItemProxy section */

/* Begin PBXFileReference section */
		1508AA09238964BC0097DADD /* NIBM_ARTICLE.app */ = {isa = PBXFileReference; explicitFileType = wrapper.application; includeInIndex = 0; path = NIBM_ARTICLE.app; sourceTree = BUILT_PRODUCTS_DIR; };
		1508AA0C238964BC0097DADD /* AppDelegate.swift */ = {isa = PBXFileReference; lastKnownFileType = sourcecode.swift; path = AppDelegate.swift; sourceTree = "<group>"; };
		1508AA0E238964BC0097DADD /* SceneDelegate.swift */ = {isa = PBXFileReference; lastKnownFileType = sourcecode.swift; path = SceneDelegate.swift; sourceTree = "<group>"; };
		1508AA10238964BC0097DADD /* ViewController.swift */ = {isa = PBXFileReference; lastKnownFileType = sourcecode.swift; path = ViewController.swift; sourceTree = "<group>"; };
		1508AA13238964BC0097DADD /* Base */ = {isa = PBXFileReference; lastKnownFileType = file.storyboard; name = Base; path = Base.lproj/Main.storyboard; sourceTree = "<group>"; };
		1508AA16238964BC0097DADD /* NIBM_ARTICLE.xcdatamodel */ = {isa = PBXFileReference; lastKnownFileType = wrapper.xcdatamodel; path = NIBM_ARTICLE.xcdatamodel; sourceTree = "<group>"; };
		1508AA18238964BD0097DADD /* Assets.xcassets */ = {isa = PBXFileReference; lastKnownFileType = folder.assetcatalog; path = Assets.xcassets; sourceTree = "<group>"; };
		1508AA1B238964BD0097DADD /* Base */ = {isa = PBXFileReference; lastKnownFileType = file.storyboard; name = Base; path = Base.lproj/LaunchScreen.storyboard; sourceTree = "<group>"; };
		1508AA1D238964BD0097DADD /* Info.plist */ = {isa = PBXFileReference; lastKnownFileType = text.plist.xml; path = Info.plist; sourceTree = "<group>"; };
		1508AA22238964BD0097DADD /* NIBM_ARTICLETests.xctest */ = {isa = PBXFileReference; explicitFileType = wrapper.cfbundle; includeInIndex = 0; path = NIBM_ARTICLETests.xctest; sourceTree = BUILT_PRODUCTS_DIR; };
		1508AA26238964BD0097DADD /* NIBM_ARTICLETests.swift */ = {isa = PBXFileReference; lastKnownFileType = sourcecode.swift; path = NIBM_ARTICLETests.swift; sourceTree = "<group>"; };
		1508AA28238964BD0097DADD /* Info.plist */ = {isa = PBXFileReference; lastKnownFileType = text.plist.xml; path = Info.plist; sourceTree = "<group>"; };
		1508AA2D238964BD0097DADD /* NIBM_ARTICLEUITests.xctest */ = {isa = PBXFileReference; explicitFileType = wrapper.cfbundle; includeInIndex = 0; path = NIBM_ARTICLEUITests.xctest; sourceTree = BUILT_PRODUCTS_DIR; };
		1508AA31238964BD0097DADD /* NIBM_ARTICLEUITests.swift */ = {isa = PBXFileReference; lastKnownFileType = sourcecode.swift; path = NIBM_ARTICLEUITests.swift; sourceTree = "<group>"; };
		1508AA33238964BD0097DADD /* Info.plist */ = {isa = PBXFileReference; lastKnownFileType = text.plist.xml; path = Info.plist; sourceTree = "<group>"; };
		1508AA3F238964D20097DADD /* GoogleService-Info.plist */ = {isa = PBXFileReference; fileEncoding = 4; lastKnownFileType = text.plist.xml; path = "GoogleService-Info.plist"; sourceTree = "<group>"; };
		1508AA42238966CA0097DADD /* UserLogin.storyboard */ = {isa = PBXFileReference; lastKnownFileType = file.storyboard; path = UserLogin.storyboard; sourceTree = "<group>"; };
		1508AA4423896E070097DADD /* UserSignInViewController.swift */ = {isa = PBXFileReference; lastKnownFileType = sourcecode.swift; path = UserSignInViewController.swift; sourceTree = "<group>"; };
		1508AA4623896E1D0097DADD /* UserSignUpViewController.swift */ = {isa = PBXFileReference; lastKnownFileType = sourcecode.swift; path = UserSignUpViewController.swift; sourceTree = "<group>"; };
		2027AA2E256C6C159EFB7D58 /* Pods-NIBM_ARTICLE.release.xcconfig */ = {isa = PBXFileReference; includeInIndex = 1; lastKnownFileType = text.xcconfig; name = "Pods-NIBM_ARTICLE.release.xcconfig"; path = "Target Support Files/Pods-NIBM_ARTICLE/Pods-NIBM_ARTICLE.release.xcconfig"; sourceTree = "<group>"; };
		5DB273BE48BEA97606B3BE1A /* Pods_NIBM_ARTICLE_NIBM_ARTICLEUITests.framework */ = {isa = PBXFileReference; explicitFileType = wrapper.framework; includeInIndex = 0; path = Pods_NIBM_ARTICLE_NIBM_ARTICLEUITests.framework; sourceTree = BUILT_PRODUCTS_DIR; };
		62508AF8728F7A04FD9EB852 /* Pods-NIBM_ARTICLE.debug.xcconfig */ = {isa = PBXFileReference; includeInIndex = 1; lastKnownFileType = text.xcconfig; name = "Pods-NIBM_ARTICLE.debug.xcconfig"; path = "Target Support Files/Pods-NIBM_ARTICLE/Pods-NIBM_ARTICLE.debug.xcconfig"; sourceTree = "<group>"; };
		76C94F5DBFF59247C311DD4D /* Pods_NIBM_ARTICLETests.framework */ = {isa = PBXFileReference; explicitFileType = wrapper.framework; includeInIndex = 0; path = Pods_NIBM_ARTICLETests.framework; sourceTree = BUILT_PRODUCTS_DIR; };
		84CD10E1D326D2AA11FEE97B /* Pods-NIBM_ARTICLETests.debug.xcconfig */ = {isa = PBXFileReference; includeInIndex = 1; lastKnownFileType = text.xcconfig; name = "Pods-NIBM_ARTICLETests.debug.xcconfig"; path = "Target Support Files/Pods-NIBM_ARTICLETests/Pods-NIBM_ARTICLETests.debug.xcconfig"; sourceTree = "<group>"; };
		B23E2B68F39BF506BBF35188 /* Pods-NIBM_ARTICLETests.release.xcconfig */ = {isa = PBXFileReference; includeInIndex = 1; lastKnownFileType = text.xcconfig; name = "Pods-NIBM_ARTICLETests.release.xcconfig"; path = "Target Support Files/Pods-NIBM_ARTICLETests/Pods-NIBM_ARTICLETests.release.xcconfig"; sourceTree = "<group>"; };
		EEBD3678D5902559599B1680 /* Pods-NIBM_ARTICLE-NIBM_ARTICLEUITests.release.xcconfig */ = {isa = PBXFileReference; includeInIndex = 1; lastKnownFileType = text.xcconfig; name = "Pods-NIBM_ARTICLE-NIBM_ARTICLEUITests.release.xcconfig"; path = "Target Support Files/Pods-NIBM_ARTICLE-NIBM_ARTICLEUITests/Pods-NIBM_ARTICLE-NIBM_ARTICLEUITests.release.xcconfig"; sourceTree = "<group>"; };
		FA98BE10E458F60B0E0A1B50 /* Pods-NIBM_ARTICLE-NIBM_ARTICLEUITests.debug.xcconfig */ = {isa = PBXFileReference; includeInIndex = 1; lastKnownFileType = text.xcconfig; name = "Pods-NIBM_ARTICLE-NIBM_ARTICLEUITests.debug.xcconfig"; path = "Target Support Files/Pods-NIBM_ARTICLE-NIBM_ARTICLEUITests/Pods-NIBM_ARTICLE-NIBM_ARTICLEUITests.debug.xcconfig"; sourceTree = "<group>"; };
		FD3E2257BBD4E0A866FB11D7 /* Pods_NIBM_ARTICLE.framework */ = {isa = PBXFileReference; explicitFileType = wrapper.framework; includeInIndex = 0; path = Pods_NIBM_ARTICLE.framework; sourceTree = BUILT_PRODUCTS_DIR; };
/* End PBXFileReference section */

/* Begin PBXFrameworksBuildPhase section */
		1508AA06238964BC0097DADD /* Frameworks */ = {
			isa = PBXFrameworksBuildPhase;
			buildActionMask = 2147483647;
			files = (
				5B4E68711BC3703B1EEC642E /* Pods_NIBM_ARTICLE.framework in Frameworks */,
			);
			runOnlyForDeploymentPostprocessing = 0;
		};
		1508AA1F238964BD0097DADD /* Frameworks */ = {
			isa = PBXFrameworksBuildPhase;
			buildActionMask = 2147483647;
			files = (
				A0B5331D3279658DF34FFC53 /* Pods_NIBM_ARTICLETests.framework in Frameworks */,
			);
			runOnlyForDeploymentPostprocessing = 0;
		};
		1508AA2A238964BD0097DADD /* Frameworks */ = {
			isa = PBXFrameworksBuildPhase;
			buildActionMask = 2147483647;
			files = (
				CEB56033DC249C329600C947 /* Pods_NIBM_ARTICLE_NIBM_ARTICLEUITests.framework in Frameworks */,
			);
			runOnlyForDeploymentPostprocessing = 0;
		};
/* End PBXFrameworksBuildPhase section */

/* Begin PBXGroup section */
		1508AA00238964BC0097DADD = {
			isa = PBXGroup;
			children = (
				1508AA0B238964BC0097DADD /* NIBM_ARTICLE */,
				1508AA25238964BD0097DADD /* NIBM_ARTICLETests */,
				1508AA30238964BD0097DADD /* NIBM_ARTICLEUITests */,
				1508AA0A238964BC0097DADD /* Products */,
				486DE29A7E2CEFE473021078 /* Pods */,
				25CEA325A81C65D643C3EEAE /* Frameworks */,
			);
			sourceTree = "<group>";
		};
		1508AA0A238964BC0097DADD /* Products */ = {
			isa = PBXGroup;
			children = (
				1508AA09238964BC0097DADD /* NIBM_ARTICLE.app */,
				1508AA22238964BD0097DADD /* NIBM_ARTICLETests.xctest */,
				1508AA2D238964BD0097DADD /* NIBM_ARTICLEUITests.xctest */,
			);
			name = Products;
			sourceTree = "<group>";
		};
		1508AA0B238964BC0097DADD /* NIBM_ARTICLE */ = {
			isa = PBXGroup;
			children = (
				1508AA41238966AB0097DADD /* Login */,
				1508AA0C238964BC0097DADD /* AppDelegate.swift */,
				1508AA0E238964BC0097DADD /* SceneDelegate.swift */,
				1508AA10238964BC0097DADD /* ViewController.swift */,
				1508AA12238964BC0097DADD /* Main.storyboard */,
				1508AA18238964BD0097DADD /* Assets.xcassets */,
				1508AA1A238964BD0097DADD /* LaunchScreen.storyboard */,
				1508AA1D238964BD0097DADD /* Info.plist */,
				1508AA3F238964D20097DADD /* GoogleService-Info.plist */,
				1508AA15238964BC0097DADD /* NIBM_ARTICLE.xcdatamodeld */,
			);
			path = NIBM_ARTICLE;
			sourceTree = "<group>";
		};
		1508AA25238964BD0097DADD /* NIBM_ARTICLETests */ = {
			isa = PBXGroup;
			children = (
				1508AA26238964BD0097DADD /* NIBM_ARTICLETests.swift */,
				1508AA28238964BD0097DADD /* Info.plist */,
			);
			path = NIBM_ARTICLETests;
			sourceTree = "<group>";
		};
		1508AA30238964BD0097DADD /* NIBM_ARTICLEUITests */ = {
			isa = PBXGroup;
			children = (
				1508AA31238964BD0097DADD /* NIBM_ARTICLEUITests.swift */,
				1508AA33238964BD0097DADD /* Info.plist */,
			);
			path = NIBM_ARTICLEUITests;
			sourceTree = "<group>";
		};
		1508AA41238966AB0097DADD /* Login */ = {
			isa = PBXGroup;
			children = (
				1508AA42238966CA0097DADD /* UserLogin.storyboard */,
				1508AA4623896E1D0097DADD /* UserSignUpViewController.swift */,
				1508AA4423896E070097DADD /* UserSignInViewController.swift */,
			);
			path = Login;
			sourceTree = "<group>";
		};
		25CEA325A81C65D643C3EEAE /* Frameworks */ = {
			isa = PBXGroup;
			children = (
				FD3E2257BBD4E0A866FB11D7 /* Pods_NIBM_ARTICLE.framework */,
				5DB273BE48BEA97606B3BE1A /* Pods_NIBM_ARTICLE_NIBM_ARTICLEUITests.framework */,
				76C94F5DBFF59247C311DD4D /* Pods_NIBM_ARTICLETests.framework */,
			);
			name = Frameworks;
			sourceTree = "<group>";
		};
		486DE29A7E2CEFE473021078 /* Pods */ = {
			isa = PBXGroup;
			children = (
				62508AF8728F7A04FD9EB852 /* Pods-NIBM_ARTICLE.debug.xcconfig */,
				2027AA2E256C6C159EFB7D58 /* Pods-NIBM_ARTICLE.release.xcconfig */,
				FA98BE10E458F60B0E0A1B50 /* Pods-NIBM_ARTICLE-NIBM_ARTICLEUITests.debug.xcconfig */,
				EEBD3678D5902559599B1680 /* Pods-NIBM_ARTICLE-NIBM_ARTICLEUITests.release.xcconfig */,
				84CD10E1D326D2AA11FEE97B /* Pods-NIBM_ARTICLETests.debug.xcconfig */,
				B23E2B68F39BF506BBF35188 /* Pods-NIBM_ARTICLETests.release.xcconfig */,
			);
			path = Pods;
			sourceTree = "<group>";
		};
/* End PBXGroup section */

/* Begin PBXNativeTarget section */
		1508AA08238964BC0097DADD /* NIBM_ARTICLE */ = {
			isa = PBXNativeTarget;
			buildConfigurationList = 1508AA36238964BD0097DADD /* Build configuration list for PBXNativeTarget "NIBM_ARTICLE" */;
			buildPhases = (
				BE10BE80A512E99EB29314A0 /* [CP] Check Pods Manifest.lock */,
				1508AA05238964BC0097DADD /* Sources */,
				1508AA06238964BC0097DADD /* Frameworks */,
				1508AA07238964BC0097DADD /* Resources */,
				C7084784463E7089A951A340 /* [CP] Embed Pods Frameworks */,
			);
			buildRules = (
			);
			dependencies = (
			);
			name = NIBM_ARTICLE;
			productName = NIBM_ARTICLE;
			productReference = 1508AA09238964BC0097DADD /* NIBM_ARTICLE.app */;
			productType = "com.apple.product-type.application";
		};
		1508AA21238964BD0097DADD /* NIBM_ARTICLETests */ = {
			isa = PBXNativeTarget;
			buildConfigurationList = 1508AA39238964BD0097DADD /* Build configuration list for PBXNativeTarget "NIBM_ARTICLETests" */;
			buildPhases = (
				E17C9EE553992D6F5BE4C97E /* [CP] Check Pods Manifest.lock */,
				1508AA1E238964BD0097DADD /* Sources */,
				1508AA1F238964BD0097DADD /* Frameworks */,
				1508AA20238964BD0097DADD /* Resources */,
			);
			buildRules = (
			);
			dependencies = (
				1508AA24238964BD0097DADD /* PBXTargetDependency */,
			);
			name = NIBM_ARTICLETests;
			productName = NIBM_ARTICLETests;
			productReference = 1508AA22238964BD0097DADD /* NIBM_ARTICLETests.xctest */;
			productType = "com.apple.product-type.bundle.unit-test";
		};
		1508AA2C238964BD0097DADD /* NIBM_ARTICLEUITests */ = {
			isa = PBXNativeTarget;
			buildConfigurationList = 1508AA3C238964BD0097DADD /* Build configuration list for PBXNativeTarget "NIBM_ARTICLEUITests" */;
			buildPhases = (
				19E61AFB18D7E1BFC7FC9E02 /* [CP] Check Pods Manifest.lock */,
				1508AA29238964BD0097DADD /* Sources */,
				1508AA2A238964BD0097DADD /* Frameworks */,
				1508AA2B238964BD0097DADD /* Resources */,
				25407ADA39955ED2530B385F /* [CP] Embed Pods Frameworks */,
			);
			buildRules = (
			);
			dependencies = (
				1508AA2F238964BD0097DADD /* PBXTargetDependency */,
			);
			name = NIBM_ARTICLEUITests;
			productName = NIBM_ARTICLEUITests;
			productReference = 1508AA2D238964BD0097DADD /* NIBM_ARTICLEUITests.xctest */;
			productType = "com.apple.product-type.bundle.ui-testing";
		};
/* End PBXNativeTarget section */

/* Begin PBXProject section */
		1508AA01238964BC0097DADD /* Project object */ = {
			isa = PBXProject;
			attributes = {
				LastSwiftUpdateCheck = 1120;
				LastUpgradeCheck = 1120;
				ORGANIZATIONNAME = Dinithika;
				TargetAttributes = {
					1508AA08238964BC0097DADD = {
						CreatedOnToolsVersion = 11.2;
					};
					1508AA21238964BD0097DADD = {
						CreatedOnToolsVersion = 11.2;
						TestTargetID = 1508AA08238964BC0097DADD;
					};
					1508AA2C238964BD0097DADD = {
						CreatedOnToolsVersion = 11.2;
						TestTargetID = 1508AA08238964BC0097DADD;
					};
				};
			};
			buildConfigurationList = 1508AA04238964BC0097DADD /* Build configuration list for PBXProject "NIBM_ARTICLE" */;
			compatibilityVersion = "Xcode 9.3";
			developmentRegion = en;
			hasScannedForEncodings = 0;
			knownRegions = (
				en,
				Base,
			);
			mainGroup = 1508AA00238964BC0097DADD;
			productRefGroup = 1508AA0A238964BC0097DADD /* Products */;
			projectDirPath = "";
			projectRoot = "";
			targets = (
				1508AA08238964BC0097DADD /* NIBM_ARTICLE */,
				1508AA21238964BD0097DADD /* NIBM_ARTICLETests */,
				1508AA2C238964BD0097DADD /* NIBM_ARTICLEUITests */,
			);
		};
/* End PBXProject section */

/* Begin PBXResourcesBuildPhase section */
		1508AA07238964BC0097DADD /* Resources */ = {
			isa = PBXResourcesBuildPhase;
			buildActionMask = 2147483647;
			files = (
				1508AA1C238964BD0097DADD /* LaunchScreen.storyboard in Resources */,
				1508AA43238966CA0097DADD /* UserLogin.storyboard in Resources */,
				1508AA40238964D20097DADD /* GoogleService-Info.plist in Resources */,
				1508AA19238964BD0097DADD /* Assets.xcassets in Resources */,
				1508AA14238964BC0097DADD /* Main.storyboard in Resources */,
			);
			runOnlyForDeploymentPostprocessing = 0;
		};
		1508AA20238964BD0097DADD /* Resources */ = {
			isa = PBXResourcesBuildPhase;
			buildActionMask = 2147483647;
			files = (
			);
			runOnlyForDeploymentPostprocessing = 0;
		};
		1508AA2B238964BD0097DADD /* Resources */ = {
			isa = PBXResourcesBuildPhase;
			buildActionMask = 2147483647;
			files = (
			);
			runOnlyForDeploymentPostprocessing = 0;
		};
/* End PBXResourcesBuildPhase section */

/* Begin PBXShellScriptBuildPhase section */
		19E61AFB18D7E1BFC7FC9E02 /* [CP] Check Pods Manifest.lock */ = {
			isa = PBXShellScriptBuildPhase;
			buildActionMask = 2147483647;
			files = (
			);
			inputFileListPaths = (
			);
			inputPaths = (
				"${PODS_PODFILE_DIR_PATH}/Podfile.lock",
				"${PODS_ROOT}/Manifest.lock",
			);
			name = "[CP] Check Pods Manifest.lock";
			outputFileListPaths = (
			);
			outputPaths = (
				"$(DERIVED_FILE_DIR)/Pods-NIBM_ARTICLE-NIBM_ARTICLEUITests-checkManifestLockResult.txt",
			);
			runOnlyForDeploymentPostprocessing = 0;
			shellPath = /bin/sh;
			shellScript = "diff \"${PODS_PODFILE_DIR_PATH}/Podfile.lock\" \"${PODS_ROOT}/Manifest.lock\" > /dev/null\nif [ $? != 0 ] ; then\n    # print error to STDERR\n    echo \"error: The sandbox is not in sync with the Podfile.lock. Run 'pod install' or update your CocoaPods installation.\" >&2\n    exit 1\nfi\n# This output is used by Xcode 'outputs' to avoid re-running this script phase.\necho \"SUCCESS\" > \"${SCRIPT_OUTPUT_FILE_0}\"\n";
			showEnvVarsInLog = 0;
		};
		25407ADA39955ED2530B385F /* [CP] Embed Pods Frameworks */ = {
			isa = PBXShellScriptBuildPhase;
			buildActionMask = 2147483647;
			files = (
			);
			inputFileListPaths = (
				"${PODS_ROOT}/Target Support Files/Pods-NIBM_ARTICLE-NIBM_ARTICLEUITests/Pods-NIBM_ARTICLE-NIBM_ARTICLEUITests-frameworks-${CONFIGURATION}-input-files.xcfilelist",
			);
			name = "[CP] Embed Pods Frameworks";
			outputFileListPaths = (
				"${PODS_ROOT}/Target Support Files/Pods-NIBM_ARTICLE-NIBM_ARTICLEUITests/Pods-NIBM_ARTICLE-NIBM_ARTICLEUITests-frameworks-${CONFIGURATION}-output-files.xcfilelist",
			);
			runOnlyForDeploymentPostprocessing = 0;
			shellPath = /bin/sh;
			shellScript = "\"${PODS_ROOT}/Target Support Files/Pods-NIBM_ARTICLE-NIBM_ARTICLEUITests/Pods-NIBM_ARTICLE-NIBM_ARTICLEUITests-frameworks.sh\"\n";
			showEnvVarsInLog = 0;
		};
		BE10BE80A512E99EB29314A0 /* [CP] Check Pods Manifest.lock */ = {
			isa = PBXShellScriptBuildPhase;
			buildActionMask = 2147483647;
			files = (
			);
			inputFileListPaths = (
			);
			inputPaths = (
				"${PODS_PODFILE_DIR_PATH}/Podfile.lock",
				"${PODS_ROOT}/Manifest.lock",
			);
			name = "[CP] Check Pods Manifest.lock";
			outputFileListPaths = (
			);
			outputPaths = (
				"$(DERIVED_FILE_DIR)/Pods-NIBM_ARTICLE-checkManifestLockResult.txt",
			);
			runOnlyForDeploymentPostprocessing = 0;
			shellPath = /bin/sh;
			shellScript = "diff \"${PODS_PODFILE_DIR_PATH}/Podfile.lock\" \"${PODS_ROOT}/Manifest.lock\" > /dev/null\nif [ $? != 0 ] ; then\n    # print error to STDERR\n    echo \"error: The sandbox is not in sync with the Podfile.lock. Run 'pod install' or update your CocoaPods installation.\" >&2\n    exit 1\nfi\n# This output is used by Xcode 'outputs' to avoid re-running this script phase.\necho \"SUCCESS\" > \"${SCRIPT_OUTPUT_FILE_0}\"\n";
			showEnvVarsInLog = 0;
		};
		C7084784463E7089A951A340 /* [CP] Embed Pods Frameworks */ = {
			isa = PBXShellScriptBuildPhase;
			buildActionMask = 2147483647;
			files = (
			);
			inputFileListPaths = (
				"${PODS_ROOT}/Target Support Files/Pods-NIBM_ARTICLE/Pods-NIBM_ARTICLE-frameworks-${CONFIGURATION}-input-files.xcfilelist",
			);
			name = "[CP] Embed Pods Frameworks";
			outputFileListPaths = (
				"${PODS_ROOT}/Target Support Files/Pods-NIBM_ARTICLE/Pods-NIBM_ARTICLE-frameworks-${CONFIGURATION}-output-files.xcfilelist",
			);
			runOnlyForDeploymentPostprocessing = 0;
			shellPath = /bin/sh;
			shellScript = "\"${PODS_ROOT}/Target Support Files/Pods-NIBM_ARTICLE/Pods-NIBM_ARTICLE-frameworks.sh\"\n";
			showEnvVarsInLog = 0;
		};
		E17C9EE553992D6F5BE4C97E /* [CP] Check Pods Manifest.lock */ = {
			isa = PBXShellScriptBuildPhase;
			buildActionMask = 2147483647;
			files = (
			);
			inputFileListPaths = (
			);
			inputPaths = (
				"${PODS_PODFILE_DIR_PATH}/Podfile.lock",
				"${PODS_ROOT}/Manifest.lock",
			);
			name = "[CP] Check Pods Manifest.lock";
			outputFileListPaths = (
			);
			outputPaths = (
				"$(DERIVED_FILE_DIR)/Pods-NIBM_ARTICLETests-checkManifestLockResult.txt",
			);
			runOnlyForDeploymentPostprocessing = 0;
			shellPath = /bin/sh;
			shellScript = "diff \"${PODS_PODFILE_DIR_PATH}/Podfile.lock\" \"${PODS_ROOT}/Manifest.lock\" > /dev/null\nif [ $? != 0 ] ; then\n    # print error to STDERR\n    echo \"error: The sandbox is not in sync with the Podfile.lock. Run 'pod install' or update your CocoaPods installation.\" >&2\n    exit 1\nfi\n# This output is used by Xcode 'outputs' to avoid re-running this script phase.\necho \"SUCCESS\" > \"${SCRIPT_OUTPUT_FILE_0}\"\n";
			showEnvVarsInLog = 0;
		};
/* End PBXShellScriptBuildPhase section */

/* Begin PBXSourcesBuildPhase section */
		1508AA05238964BC0097DADD /* Sources */ = {
			isa = PBXSourcesBuildPhase;
			buildActionMask = 2147483647;
			files = (
				1508AA11238964BC0097DADD /* ViewController.swift in Sources */,
				1508AA4723896E1D0097DADD /* UserSignUpViewController.swift in Sources */,
				1508AA4523896E070097DADD /* UserSignInViewController.swift in Sources */,
				1508AA0D238964BC0097DADD /* AppDelegate.swift in Sources */,
				1508AA17238964BC0097DADD /* NIBM_ARTICLE.xcdatamodeld in Sources */,
				1508AA0F238964BC0097DADD /* SceneDelegate.swift in Sources */,
			);
			runOnlyForDeploymentPostprocessing = 0;
		};
		1508AA1E238964BD0097DADD /* Sources */ = {
			isa = PBXSourcesBuildPhase;
			buildActionMask = 2147483647;
			files = (
				1508AA27238964BD0097DADD /* NIBM_ARTICLETests.swift in Sources */,
			);
			runOnlyForDeploymentPostprocessing = 0;
		};
		1508AA29238964BD0097DADD /* Sources */ = {
			isa = PBXSourcesBuildPhase;
			buildActionMask = 2147483647;
			files = (
				1508AA32238964BD0097DADD /* NIBM_ARTICLEUITests.swift in Sources */,
			);
			runOnlyForDeploymentPostprocessing = 0;
		};
/* End PBXSourcesBuildPhase section */

/* Begin PBXTargetDependency section */
		1508AA24238964BD0097DADD /* PBXTargetDependency */ = {
			isa = PBXTargetDependency;
			target = 1508AA08238964BC0097DADD /* NIBM_ARTICLE */;
			targetProxy = 1508AA23238964BD0097DADD /* PBXContainerItemProxy */;
		};
		1508AA2F238964BD0097DADD /* PBXTargetDependency */ = {
			isa = PBXTargetDependency;
			target = 1508AA08238964BC0097DADD /* NIBM_ARTICLE */;
			targetProxy = 1508AA2E238964BD0097DADD /* PBXContainerItemProxy */;
		};
/* End PBXTargetDependency section */

/* Begin PBXVariantGroup section */
		1508AA12238964BC0097DADD /* Main.storyboard */ = {
			isa = PBXVariantGroup;
			children = (
				1508AA13238964BC0097DADD /* Base */,
			);
			name = Main.storyboard;
			sourceTree = "<group>";
		};
		1508AA1A238964BD0097DADD /* LaunchScreen.storyboard */ = {
			isa = PBXVariantGroup;
			children = (
				1508AA1B238964BD0097DADD /* Base */,
			);
			name = LaunchScreen.storyboard;
			sourceTree = "<group>";
		};
/* End PBXVariantGroup section */

/* Begin XCBuildConfiguration section */
		1508AA34238964BD0097DADD /* Debug */ = {
			isa = XCBuildConfiguration;
			buildSettings = {
				ALWAYS_SEARCH_USER_PATHS = NO;
				CLANG_ANALYZER_NONNULL = YES;
				CLANG_ANALYZER_NUMBER_OBJECT_CONVERSION = YES_AGGRESSIVE;
				CLANG_CXX_LANGUAGE_STANDARD = "gnu++14";
				CLANG_CXX_LIBRARY = "libc++";
				CLANG_ENABLE_MODULES = YES;
				CLANG_ENABLE_OBJC_ARC = YES;
				CLANG_ENABLE_OBJC_WEAK = YES;
				CLANG_WARN_BLOCK_CAPTURE_AUTORELEASING = YES;
				CLANG_WARN_BOOL_CONVERSION = YES;
				CLANG_WARN_COMMA = YES;
				CLANG_WARN_CONSTANT_CONVERSION = YES;
				CLANG_WARN_DEPRECATED_OBJC_IMPLEMENTATIONS = YES;
				CLANG_WARN_DIRECT_OBJC_ISA_USAGE = YES_ERROR;
				CLANG_WARN_DOCUMENTATION_COMMENTS = YES;
				CLANG_WARN_EMPTY_BODY = YES;
				CLANG_WARN_ENUM_CONVERSION = YES;
				CLANG_WARN_INFINITE_RECURSION = YES;
				CLANG_WARN_INT_CONVERSION = YES;
				CLANG_WARN_NON_LITERAL_NULL_CONVERSION = YES;
				CLANG_WARN_OBJC_IMPLICIT_RETAIN_SELF = YES;
				CLANG_WARN_OBJC_LITERAL_CONVERSION = YES;
				CLANG_WARN_OBJC_ROOT_CLASS = YES_ERROR;
				CLANG_WARN_RANGE_LOOP_ANALYSIS = YES;
				CLANG_WARN_STRICT_PROTOTYPES = YES;
				CLANG_WARN_SUSPICIOUS_MOVE = YES;
				CLANG_WARN_UNGUARDED_AVAILABILITY = YES_AGGRESSIVE;
				CLANG_WARN_UNREACHABLE_CODE = YES;
				CLANG_WARN__DUPLICATE_METHOD_MATCH = YES;
				COPY_PHASE_STRIP = NO;
				DEBUG_INFORMATION_FORMAT = dwarf;
				ENABLE_STRICT_OBJC_MSGSEND = YES;
				ENABLE_TESTABILITY = YES;
				GCC_C_LANGUAGE_STANDARD = gnu11;
				GCC_DYNAMIC_NO_PIC = NO;
				GCC_NO_COMMON_BLOCKS = YES;
				GCC_OPTIMIZATION_LEVEL = 0;
				GCC_PREPROCESSOR_DEFINITIONS = (
					"DEBUG=1",
					"$(inherited)",
				);
				GCC_WARN_64_TO_32_BIT_CONVERSION = YES;
				GCC_WARN_ABOUT_RETURN_TYPE = YES_ERROR;
				GCC_WARN_UNDECLARED_SELECTOR = YES;
				GCC_WARN_UNINITIALIZED_AUTOS = YES_AGGRESSIVE;
				GCC_WARN_UNUSED_FUNCTION = YES;
				GCC_WARN_UNUSED_VARIABLE = YES;
				IPHONEOS_DEPLOYMENT_TARGET = 13.2;
				MTL_ENABLE_DEBUG_INFO = INCLUDE_SOURCE;
				MTL_FAST_MATH = YES;
				ONLY_ACTIVE_ARCH = YES;
				SDKROOT = iphoneos;
				SWIFT_ACTIVE_COMPILATION_CONDITIONS = DEBUG;
				SWIFT_OPTIMIZATION_LEVEL = "-Onone";
			};
			name = Debug;
		};
		1508AA35238964BD0097DADD /* Release */ = {
			isa = XCBuildConfiguration;
			buildSettings = {
				ALWAYS_SEARCH_USER_PATHS = NO;
				CLANG_ANALYZER_NONNULL = YES;
				CLANG_ANALYZER_NUMBER_OBJECT_CONVERSION = YES_AGGRESSIVE;
				CLANG_CXX_LANGUAGE_STANDARD = "gnu++14";
				CLANG_CXX_LIBRARY = "libc++";
				CLANG_ENABLE_MODULES = YES;
				CLANG_ENABLE_OBJC_ARC = YES;
				CLANG_ENABLE_OBJC_WEAK = YES;
				CLANG_WARN_BLOCK_CAPTURE_AUTORELEASING = YES;
				CLANG_WARN_BOOL_CONVERSION = YES;
				CLANG_WARN_COMMA = YES;
				CLANG_WARN_CONSTANT_CONVERSION = YES;
				CLANG_WARN_DEPRECATED_OBJC_IMPLEMENTATIONS = YES;
				CLANG_WARN_DIRECT_OBJC_ISA_USAGE = YES_ERROR;
				CLANG_WARN_DOCUMENTATION_COMMENTS = YES;
				CLANG_WARN_EMPTY_BODY = YES;
				CLANG_WARN_ENUM_CONVERSION = YES;
				CLANG_WARN_INFINITE_RECURSION = YES;
				CLANG_WARN_INT_CONVERSION = YES;
				CLANG_WARN_NON_LITERAL_NULL_CONVERSION = YES;
				CLANG_WARN_OBJC_IMPLICIT_RETAIN_SELF = YES;
				CLANG_WARN_OBJC_LITERAL_CONVERSION = YES;
				CLANG_WARN_OBJC_ROOT_CLASS = YES_ERROR;
				CLANG_WARN_RANGE_LOOP_ANALYSIS = YES;
				CLANG_WARN_STRICT_PROTOTYPES = YES;
				CLANG_WARN_SUSPICIOUS_MOVE = YES;
				CLANG_WARN_UNGUARDED_AVAILABILITY = YES_AGGRESSIVE;
				CLANG_WARN_UNREACHABLE_CODE = YES;
				CLANG_WARN__DUPLICATE_METHOD_MATCH = YES;
				COPY_PHASE_STRIP = NO;
				DEBUG_INFORMATION_FORMAT = "dwarf-with-dsym";
				ENABLE_NS_ASSERTIONS = NO;
				ENABLE_STRICT_OBJC_MSGSEND = YES;
				GCC_C_LANGUAGE_STANDARD = gnu11;
				GCC_NO_COMMON_BLOCKS = YES;
				GCC_WARN_64_TO_32_BIT_CONVERSION = YES;
				GCC_WARN_ABOUT_RETURN_TYPE = YES_ERROR;
				GCC_WARN_UNDECLARED_SELECTOR = YES;
				GCC_WARN_UNINITIALIZED_AUTOS = YES_AGGRESSIVE;
				GCC_WARN_UNUSED_FUNCTION = YES;
				GCC_WARN_UNUSED_VARIABLE = YES;
				IPHONEOS_DEPLOYMENT_TARGET = 13.2;
				MTL_ENABLE_DEBUG_INFO = NO;
				MTL_FAST_MATH = YES;
				SDKROOT = iphoneos;
				SWIFT_COMPILATION_MODE = wholemodule;
				SWIFT_OPTIMIZATION_LEVEL = "-O";
				VALIDATE_PRODUCT = YES;
			};
			name = Release;
		};
		1508AA37238964BD0097DADD /* Debug */ = {
			isa = XCBuildConfiguration;
			baseConfigurationReference = 62508AF8728F7A04FD9EB852 /* Pods-NIBM_ARTICLE.debug.xcconfig */;
			buildSettings = {
				ASSETCATALOG_COMPILER_APPICON_NAME = AppIcon;
				CODE_SIGN_STYLE = Automatic;
				DEVELOPMENT_TEAM = RKYYC66AUR;
				INFOPLIST_FILE = NIBM_ARTICLE/Info.plist;
				LD_RUNPATH_SEARCH_PATHS = (
					"$(inherited)",
					"@executable_path/Frameworks",
				);
				PRODUCT_BUNDLE_IDENTIFIER = "NIBM.NIBM-ARTICLE";
				PRODUCT_NAME = "$(TARGET_NAME)";
				SWIFT_VERSION = 5.0;
				TARGETED_DEVICE_FAMILY = "1,2";
			};
			name = Debug;
		};
		1508AA38238964BD0097DADD /* Release */ = {
			isa = XCBuildConfiguration;
			baseConfigurationReference = 2027AA2E256C6C159EFB7D58 /* Pods-NIBM_ARTICLE.release.xcconfig */;
			buildSettings = {
				ASSETCATALOG_COMPILER_APPICON_NAME = AppIcon;
				CODE_SIGN_STYLE = Automatic;
				DEVELOPMENT_TEAM = RKYYC66AUR;
				INFOPLIST_FILE = NIBM_ARTICLE/Info.plist;
				LD_RUNPATH_SEARCH_PATHS = (
					"$(inherited)",
					"@executable_path/Frameworks",
				);
				PRODUCT_BUNDLE_IDENTIFIER = "NIBM.NIBM-ARTICLE";
				PRODUCT_NAME = "$(TARGET_NAME)";
				SWIFT_VERSION = 5.0;
				TARGETED_DEVICE_FAMILY = "1,2";
			};
			name = Release;
		};
		1508AA3A238964BD0097DADD /* Debug */ = {
			isa = XCBuildConfiguration;
			baseConfigurationReference = 84CD10E1D326D2AA11FEE97B /* Pods-NIBM_ARTICLETests.debug.xcconfig */;
			buildSettings = {
				ALWAYS_EMBED_SWIFT_STANDARD_LIBRARIES = YES;
				BUNDLE_LOADER = "$(TEST_HOST)";
				CODE_SIGN_STYLE = Automatic;
				DEVELOPMENT_TEAM = RKYYC66AUR;
				INFOPLIST_FILE = NIBM_ARTICLETests/Info.plist;
				IPHONEOS_DEPLOYMENT_TARGET = 13.2;
				LD_RUNPATH_SEARCH_PATHS = (
					"$(inherited)",
					"@executable_path/Frameworks",
					"@loader_path/Frameworks",
				);
				PRODUCT_BUNDLE_IDENTIFIER = "NIBM.NIBM-ARTICLETests";
				PRODUCT_NAME = "$(TARGET_NAME)";
				SWIFT_VERSION = 5.0;
				TARGETED_DEVICE_FAMILY = "1,2";
				TEST_HOST = "$(BUILT_PRODUCTS_DIR)/NIBM_ARTICLE.app/NIBM_ARTICLE";
			};
			name = Debug;
		};
		1508AA3B238964BD0097DADD /* Release */ = {
			isa = XCBuildConfiguration;
			baseConfigurationReference = B23E2B68F39BF506BBF35188 /* Pods-NIBM_ARTICLETests.release.xcconfig */;
			buildSettings = {
				ALWAYS_EMBED_SWIFT_STANDARD_LIBRARIES = YES;
				BUNDLE_LOADER = "$(TEST_HOST)";
				CODE_SIGN_STYLE = Automatic;
				DEVELOPMENT_TEAM = RKYYC66AUR;
				INFOPLIST_FILE = NIBM_ARTICLETests/Info.plist;
				IPHONEOS_DEPLOYMENT_TARGET = 13.2;
				LD_RUNPATH_SEARCH_PATHS = (
					"$(inherited)",
					"@executable_path/Frameworks",
					"@loader_path/Frameworks",
				);
				PRODUCT_BUNDLE_IDENTIFIER = "NIBM.NIBM-ARTICLETests";
				PRODUCT_NAME = "$(TARGET_NAME)";
				SWIFT_VERSION = 5.0;
				TARGETED_DEVICE_FAMILY = "1,2";
				TEST_HOST = "$(BUILT_PRODUCTS_DIR)/NIBM_ARTICLE.app/NIBM_ARTICLE";
			};
			name = Release;
		};
		1508AA3D238964BD0097DADD /* Debug */ = {
			isa = XCBuildConfiguration;
			baseConfigurationReference = FA98BE10E458F60B0E0A1B50 /* Pods-NIBM_ARTICLE-NIBM_ARTICLEUITests.debug.xcconfig */;
			buildSettings = {
				ALWAYS_EMBED_SWIFT_STANDARD_LIBRARIES = YES;
				CODE_SIGN_STYLE = Automatic;
				DEVELOPMENT_TEAM = RKYYC66AUR;
				INFOPLIST_FILE = NIBM_ARTICLEUITests/Info.plist;
				LD_RUNPATH_SEARCH_PATHS = (
					"$(inherited)",
					"@executable_path/Frameworks",
					"@loader_path/Frameworks",
				);
				PRODUCT_BUNDLE_IDENTIFIER = "NIBM.NIBM-ARTICLEUITests";
				PRODUCT_NAME = "$(TARGET_NAME)";
				SWIFT_VERSION = 5.0;
				TARGETED_DEVICE_FAMILY = "1,2";
				TEST_TARGET_NAME = NIBM_ARTICLE;
			};
			name = Debug;
		};
		1508AA3E238964BD0097DADD /* Release */ = {
			isa = XCBuildConfiguration;
			baseConfigurationReference = EEBD3678D5902559599B1680 /* Pods-NIBM_ARTICLE-NIBM_ARTICLEUITests.release.xcconfig */;
			buildSettings = {
				ALWAYS_EMBED_SWIFT_STANDARD_LIBRARIES = YES;
				CODE_SIGN_STYLE = Automatic;
				DEVELOPMENT_TEAM = RKYYC66AUR;
				INFOPLIST_FILE = NIBM_ARTICLEUITests/Info.plist;
				LD_RUNPATH_SEARCH_PATHS = (
					"$(inherited)",
					"@executable_path/Frameworks",
					"@loader_path/Frameworks",
				);
				PRODUCT_BUNDLE_IDENTIFIER = "NIBM.NIBM-ARTICLEUITests";
				PRODUCT_NAME = "$(TARGET_NAME)";
				SWIFT_VERSION = 5.0;
				TARGETED_DEVICE_FAMILY = "1,2";
				TEST_TARGET_NAME = NIBM_ARTICLE;
			};
			name = Release;
		};
/* End XCBuildConfiguration section */

/* Begin XCConfigurationList section */
		1508AA04238964BC0097DADD /* Build configuration list for PBXProject "NIBM_ARTICLE" */ = {
			isa = XCConfigurationList;
			buildConfigurations = (
				1508AA34238964BD0097DADD /* Debug */,
				1508AA35238964BD0097DADD /* Release */,
			);
			defaultConfigurationIsVisible = 0;
			defaultConfigurationName = Release;
		};
		1508AA36238964BD0097DADD /* Build configuration list for PBXNativeTarget "NIBM_ARTICLE" */ = {
			isa = XCConfigurationList;
			buildConfigurations = (
				1508AA37238964BD0097DADD /* Debug */,
				1508AA38238964BD0097DADD /* Release */,
			);
			defaultConfigurationIsVisible = 0;
			defaultConfigurationName = Release;
		};
		1508AA39238964BD0097DADD /* Build configuration list for PBXNativeTarget "NIBM_ARTICLETests" */ = {
			isa = XCConfigurationList;
			buildConfigurations = (
				1508AA3A238964BD0097DADD /* Debug */,
				1508AA3B238964BD0097DADD /* Release */,
			);
			defaultConfigurationIsVisible = 0;
			defaultConfigurationName = Release;
		};
		1508AA3C238964BD0097DADD /* Build configuration list for PBXNativeTarget "NIBM_ARTICLEUITests" */ = {
			isa = XCConfigurationList;
			buildConfigurations = (
				1508AA3D238964BD0097DADD /* Debug */,
				1508AA3E238964BD0097DADD /* Release */,
			);
			defaultConfigurationIsVisible = 0;
			defaultConfigurationName = Release;
		};
/* End XCConfigurationList section */

/* Begin XCVersionGroup section */
		1508AA15238964BC0097DADD /* NIBM_ARTICLE.xcdatamodeld */ = {
			isa = XCVersionGroup;
			children = (
				1508AA16238964BC0097DADD /* NIBM_ARTICLE.xcdatamodel */,
			);
			currentVersion = 1508AA16238964BC0097DADD /* NIBM_ARTICLE.xcdatamodel */;
			path = NIBM_ARTICLE.xcdatamodeld;
			sourceTree = "<group>";
			versionGroupType = wrapper.xcdatamodel;
		};
/* End XCVersionGroup section */
	};
	rootObject = 1508AA01238964BC0097DADD /* Project object */;
}
